# THIS IS AN AUTOGENERATED FILE. DO NOT EDIT THIS FILE DIRECTLY.
assets/empire.js:
  development: 2018-04-23T16:41:42+05:30   9fbff6a87fd9130fb79ff6b64fa31f64
  test: 2018-04-23T16:41:59+05:30   9fbff6a87fd9130fb79ff6b64fa31f64
assets/empire.js.map:
  development: 2018-04-20T17:13:03+05:30   e29d8cb60b4d4c5cab2d26da20c99127
  test: 2018-04-23T16:23:28+05:30   e29d8cb60b4d4c5cab2d26da20c99127
assets/jquery.cart.js:
  development: 2018-04-20T17:13:04+05:30   d561b356ead76b3d4a147f96eb34be98
  test: 2018-04-23T16:12:36+05:30   d561b356ead76b3d4a147f96eb34be98
assets/leaguespartan-bold.eot:
  development: 2018-04-20T17:13:04+05:30   5d202a7f44e80632637a8f06f374147e
  test: 2018-04-23T16:12:36+05:30   5d202a7f44e80632637a8f06f374147e
assets/leaguespartan-bold.svg:
  development: 2018-04-20T17:13:04+05:30   3c33ca150ccb893b3f89fabce784e09a
  test: 2018-04-23T16:12:36+05:30   3c33ca150ccb893b3f89fabce784e09a
assets/leaguespartan-bold.ttf:
  development: 2018-04-20T17:13:04+05:30   7cc8cbbd7a330c0d1e7c08c6d62711e4
  test: 2018-04-23T16:12:36+05:30   7cc8cbbd7a330c0d1e7c08c6d62711e4
assets/leaguespartan-bold.woff:
  development: 2018-04-20T17:13:04+05:30   de124ab4fe636436b7f9d3b1f5ac3eed
  test: 2018-04-23T16:12:37+05:30   de124ab4fe636436b7f9d3b1f5ac3eed
assets/leaguespartan-bold.woff2:
  development: 2018-04-20T17:13:04+05:30   3812d86fa4f162846016e03340c94427
  test: 2018-04-23T16:12:37+05:30   3812d86fa4f162846016e03340c94427
assets/theme.scss.liquid:
  development: 2018-04-20T17:13:04+05:30   e886c02aa27fe80a34104dccf8ed0ea4
  test: 2018-04-23T16:12:38+05:30   e886c02aa27fe80a34104dccf8ed0ea4
config/settings_data.json:
  development: 2018-04-20T17:13:10+05:30   f73426da8425ed4b1d4586a85de04b81
  test: 2018-04-23T16:12:43+05:30   f73426da8425ed4b1d4586a85de04b81
config/settings_schema.json:
  development: 2018-04-20T17:13:10+05:30   9aa27d19ff97ff81660237837b0cc66c
  test: 2018-04-23T16:22:43+05:30   9aa27d19ff97ff81660237837b0cc66c
layout/giftcard.liquid:
  development: 2018-04-20T17:13:05+05:30   a9dcc9736c1651528d6193b1afb8d985
  test: 2018-04-23T16:12:38+05:30   a9dcc9736c1651528d6193b1afb8d985
layout/none.liquid:
  development: 2018-04-20T17:13:05+05:30   daff89f10807f609d5e9b5763ae9fe25
  test: 2018-04-23T16:12:38+05:30   daff89f10807f609d5e9b5763ae9fe25
layout/theme.liquid:
  development: 2018-04-20T17:13:05+05:30   fc418c20793810787ceb76dc27161ebc
  test: 2018-04-23T16:12:38+05:30   fc418c20793810787ceb76dc27161ebc
locales/en.default.json:
  development: 2018-04-20T17:13:05+05:30   fe999e64eac86dddea85e90c094cc3b4
  test: 2018-04-23T16:22:26+05:30   fe999e64eac86dddea85e90c094cc3b4
sections/dynamic-blog-posts.liquid:
  development: 2018-04-20T17:13:01+05:30   7345b04a5dbd434db7174f3b5a2229fb
  test: 2018-04-23T16:12:32+05:30   7345b04a5dbd434db7174f3b5a2229fb
sections/dynamic-collection-list.liquid:
  development: 2018-04-20T17:13:01+05:30   60778f1f8b32d501d578af29e500d2b8
  test: 2018-04-23T16:12:32+05:30   60778f1f8b32d501d578af29e500d2b8
sections/dynamic-featured-collection.liquid:
  development: 2018-04-20T17:13:01+05:30   665c6c794d7a8389af1c1d41aa6096b5
  test: 2018-04-23T16:12:32+05:30   665c6c794d7a8389af1c1d41aa6096b5
sections/dynamic-featured-product.liquid:
  development: 2018-04-20T17:13:01+05:30   cffde36fadd6956c5f165b9f8bc172ab
  test: 2018-04-23T16:12:32+05:30   cffde36fadd6956c5f165b9f8bc172ab
sections/dynamic-instagram-feed.liquid:
  development: 2018-04-20T17:13:01+05:30   0121917b3fe3677c782cb5c894ad33e4
  test: 2018-04-23T16:12:32+05:30   0121917b3fe3677c782cb5c894ad33e4
sections/dynamic-logo-list.liquid:
  development: 2018-04-20T17:13:01+05:30   195eb1a862bc1304913d929d26ae7257
  test: 2018-04-23T16:12:32+05:30   195eb1a862bc1304913d929d26ae7257
sections/dynamic-menu-list.liquid:
  development: 2018-04-20T17:13:01+05:30   566a150dc3720f3febe54f73219f620a
  test: 2018-04-23T16:12:32+05:30   566a150dc3720f3febe54f73219f620a
sections/dynamic-promo-grid.liquid:
  development: 2018-04-20T17:13:01+05:30   c9fb4e68094fccf4765992e871f76a92
  test: 2018-04-23T16:12:32+05:30   c9fb4e68094fccf4765992e871f76a92
sections/dynamic-promo-mosaic.liquid:
  development: 2018-04-20T17:13:01+05:30   bb91a170d63d9c6b27fce652eaa2582b
  test: 2018-04-23T16:12:32+05:30   bb91a170d63d9c6b27fce652eaa2582b
sections/dynamic-rich-text.liquid:
  development: 2018-04-20T17:13:01+05:30   8c43115b68a0bbd19399c0d9f4274c51
  test: 2018-04-23T16:12:32+05:30   8c43115b68a0bbd19399c0d9f4274c51
sections/dynamic-search.liquid:
  development: 2018-04-20T17:13:01+05:30   bfecb3576dc098a0c01b9fe186c6e661
  test: 2018-04-23T16:12:32+05:30   bfecb3576dc098a0c01b9fe186c6e661
sections/dynamic-twitter-feed.liquid:
  development: 2018-04-20T17:13:01+05:30   fd7e4943e6573f0cfd7363210ea95a4f
  test: 2018-04-23T16:12:32+05:30   fd7e4943e6573f0cfd7363210ea95a4f
sections/dynamic-video.liquid:
  development: 2018-04-20T17:13:01+05:30   8cd7a6ae6c966580e30fb5e7929e457f
  test: 2018-04-23T16:12:32+05:30   8cd7a6ae6c966580e30fb5e7929e457f
sections/pxs-image-with-text-overlay.liquid:
  development: 2018-04-20T17:13:02+05:30   09529ab74d7a9d1e61b5a09aee36ef0e
  test: 2018-04-23T16:12:32+05:30   09529ab74d7a9d1e61b5a09aee36ef0e
sections/pxs-map.liquid:
  development: 2018-04-20T17:13:02+05:30   17bf3136a7a8d98d5560292e148bec2d
  test: 2018-04-23T16:12:33+05:30   17bf3136a7a8d98d5560292e148bec2d
sections/pxs-newsletter.liquid:
  development: 2018-04-20T17:13:02+05:30   2cf1499daf535a3c11bc9dca9b3ac9ce
  test: 2018-04-23T16:12:33+05:30   2cf1499daf535a3c11bc9dca9b3ac9ce
sections/static-article.liquid:
  development: 2018-04-20T17:13:02+05:30   5e456235f1ff98520e9eff9d4421a770
  test: 2018-04-23T16:12:33+05:30   5e456235f1ff98520e9eff9d4421a770
sections/static-blog.liquid:
  development: 2018-04-20T17:13:02+05:30   c106f03e4086b0609fd9460de448737d
  test: 2018-04-23T16:12:33+05:30   c106f03e4086b0609fd9460de448737d
sections/static-cart.liquid:
  development: 2018-04-20T17:13:02+05:30   f2724c6b8fd273128ab53a765d22b29d
  test: 2018-04-23T16:12:33+05:30   f2724c6b8fd273128ab53a765d22b29d
sections/static-collection.liquid:
  development: 2018-04-20T17:13:02+05:30   314781bb04b05e242c36e70a1de9e0dc
  test: 2018-04-23T16:12:33+05:30   314781bb04b05e242c36e70a1de9e0dc
sections/static-footer.liquid:
  development: 2018-04-20T17:13:02+05:30   4204bac0bb0ac3eb43c55129c1914465
  test: 2018-04-23T16:12:33+05:30   4204bac0bb0ac3eb43c55129c1914465
sections/static-giftcard.liquid:
  development: 2018-04-20T17:13:02+05:30   aad0f8572fdd83684bbcc67ecdaadbb3
  test: 2018-04-23T16:12:33+05:30   aad0f8572fdd83684bbcc67ecdaadbb3
sections/static-header.liquid:
  development: 2018-04-20T17:13:02+05:30   efd9b1542007b5a7b7a7be3c52cc3d6e
  test: 2018-04-23T16:12:33+05:30   efd9b1542007b5a7b7a7be3c52cc3d6e
sections/static-highlights-banners.liquid:
  development: 2018-04-20T17:13:02+05:30   09329f73d798d61b1c4941d4adf3240c
  test: 2018-04-23T16:12:33+05:30   09329f73d798d61b1c4941d4adf3240c
sections/static-list-collections.liquid:
  development: 2018-04-20T17:13:02+05:30   fc160bffe23f5154533ca3586c36ee3a
  test: 2018-04-23T16:12:33+05:30   fc160bffe23f5154533ca3586c36ee3a
sections/static-password.liquid:
  development: 2018-04-20T17:13:02+05:30   8e5b59fa50c73cbfa7242c3c677de900
  test: 2018-04-23T16:12:33+05:30   8e5b59fa50c73cbfa7242c3c677de900
sections/static-product.liquid:
  development: 2018-04-20T17:13:02+05:30   b0ec388547816a1f834fe5a3b746ce95
  test: 2018-04-23T16:12:33+05:30   b0ec388547816a1f834fe5a3b746ce95
sections/static-search.liquid:
  development: 2018-04-20T17:13:02+05:30   e7fe0093c1a6971c1284ec451d73c033
  test: 2018-04-23T16:12:33+05:30   e7fe0093c1a6971c1284ec451d73c033
sections/static-slideshow.liquid:
  development: 2018-04-20T17:13:02+05:30   57731b3c5da155580ec9f8a861aebb70
  test: 2018-04-23T16:12:33+05:30   57731b3c5da155580ec9f8a861aebb70
snippets/account-address-form.liquid:
  development: 2018-04-20T17:13:05+05:30   f85f88fb40cdace6cf9a345adc551e6d
  test: 2018-04-23T16:12:38+05:30   f85f88fb40cdace6cf9a345adc551e6d
snippets/account-address-list.liquid:
  development: 2018-04-20T17:13:05+05:30   a9236003202a3741c4651bf45d29165e
  test: 2018-04-23T16:12:38+05:30   a9236003202a3741c4651bf45d29165e
snippets/advanced-tag-loop.liquid:
  development: 2018-04-20T17:13:05+05:30   a51fcffe46145c316a7f073fe26dd74d
  test: 2018-04-23T16:12:38+05:30   a51fcffe46145c316a7f073fe26dd74d
snippets/article-comment-item.liquid:
  development: 2018-04-20T17:13:05+05:30   1f3b2eb404103171e7891dfdb708ff3a
  test: 2018-04-23T16:12:38+05:30   1f3b2eb404103171e7891dfdb708ff3a
snippets/article-comments.liquid:
  development: 2018-04-20T17:13:05+05:30   e2acfce7bd7ef31d442340d5dfd80298
  test: 2018-04-23T16:12:38+05:30   e2acfce7bd7ef31d442340d5dfd80298
snippets/article-excerpt-featured.liquid:
  development: 2018-04-20T17:13:05+05:30   bb2a9ff6ddabb8333df703e553b67a27
  test: 2018-04-23T16:12:38+05:30   bb2a9ff6ddabb8333df703e553b67a27
snippets/article-excerpt.liquid:
  development: 2018-04-20T17:13:05+05:30   abc8e476512d8d6c7f52a323979adcbb
  test: 2018-04-23T16:12:38+05:30   abc8e476512d8d6c7f52a323979adcbb
snippets/atc-banner.liquid:
  development: 2018-04-20T17:13:05+05:30   36a604d13dff1a33212aff0bf354effb
  test: 2018-04-23T16:12:38+05:30   36a604d13dff1a33212aff0bf354effb
snippets/breadcrumbs.liquid:
  development: 2018-04-20T17:13:05+05:30   fde213f35e3c2ff6b3ab771031251dc3
  test: 2018-04-23T16:12:38+05:30   fde213f35e3c2ff6b3ab771031251dc3
snippets/cart-item.liquid:
  development: 2018-04-20T17:13:05+05:30   53a07813cfa1df5b846c980cf5233a71
  test: 2018-04-23T16:12:38+05:30   53a07813cfa1df5b846c980cf5233a71
snippets/cart-shipping.liquid:
  development: 2018-04-20T17:13:05+05:30   9f070ac155240fd2d76a4c6638cb7ab1
  test: 2018-04-23T16:12:38+05:30   9f070ac155240fd2d76a4c6638cb7ab1
snippets/collection-list-item.liquid:
  development: 2018-04-20T17:13:05+05:30   99c65a9de11e794e6404bcdff248f4ba
  test: 2018-04-23T16:12:38+05:30   99c65a9de11e794e6404bcdff248f4ba
snippets/consistent-savings.liquid:
  development: 2018-04-20T17:13:05+05:30   062348bf8636cfb65992209dc469c8ef
  test: 2018-04-23T16:12:38+05:30   062348bf8636cfb65992209dc469c8ef
snippets/favicon.liquid:
  development: 2018-04-20T17:13:05+05:30   17dac714316cd7dd3dcdb410d3180482
  test: 2018-04-23T16:12:38+05:30   17dac714316cd7dd3dcdb410d3180482
snippets/fonts.liquid:
  development: 2018-04-20T17:13:05+05:30   859f0a40762898a24b098cbeea449fcc
  test: 2018-04-23T16:12:38+05:30   859f0a40762898a24b098cbeea449fcc
snippets/footer-block.liquid:
  development: 2018-04-20T17:13:05+05:30   08e311d246c19436e5986486e28a2298
  test: 2018-04-23T16:12:39+05:30   08e311d246c19436e5986486e28a2298
snippets/header-search-form.liquid:
  development: 2018-04-20T17:13:05+05:30   2e973c7e2a25b7b2be1e4ad463a09a92
  test: 2018-04-23T16:12:39+05:30   2e973c7e2a25b7b2be1e4ad463a09a92
snippets/icon-cart.liquid:
  development: 2018-04-20T17:13:06+05:30   10e3ba40c4ac001cfb315cfa4019a421
  test: 2018-04-23T16:12:39+05:30   10e3ba40c4ac001cfb315cfa4019a421
snippets/icon-checkbox.liquid:
  development: 2018-04-20T17:13:06+05:30   ec91804696102b341faf503807c00f10
  test: 2018-04-23T16:12:39+05:30   ec91804696102b341faf503807c00f10
snippets/icon-checkmark.liquid:
  development: 2018-04-20T17:13:06+05:30   3d55d2131d64821a15df9a06a272ad95
  test: 2018-04-23T16:12:39+05:30   3d55d2131d64821a15df9a06a272ad95
snippets/icon-chevron-down-small.liquid:
  development: 2018-04-20T17:13:06+05:30   2b10da2ba8e81937fb7a1266c440bacd
  test: 2018-04-23T16:12:39+05:30   2b10da2ba8e81937fb7a1266c440bacd
snippets/icon-chevron-down-thin.liquid:
  development: 2018-04-20T17:13:06+05:30   847fc18d4ddf1bc2955478da730feb47
  test: 2018-04-23T16:12:39+05:30   847fc18d4ddf1bc2955478da730feb47
snippets/icon-chevron-down.liquid:
  development: 2018-04-20T17:13:06+05:30   18cf858f6eddc33354ca0f3ded263ecd
  test: 2018-04-23T16:12:39+05:30   18cf858f6eddc33354ca0f3ded263ecd
snippets/icon-filters.liquid:
  development: 2018-04-20T17:13:06+05:30   e75dc1cd06aed5f3003efc264ad13f8c
  test: 2018-04-23T16:12:39+05:30   e75dc1cd06aed5f3003efc264ad13f8c
snippets/icon-library.liquid:
  development: 2018-04-20T17:13:06+05:30   775b1341d6cc07b7b12d1168986dcfa7
  test: 2018-04-23T16:12:39+05:30   775b1341d6cc07b7b12d1168986dcfa7
snippets/icon-lock.liquid:
  development: 2018-04-20T17:13:06+05:30   195ed69385a69ad86109d4486bf1d6ab
  test: 2018-04-23T16:12:39+05:30   195ed69385a69ad86109d4486bf1d6ab
snippets/icon-menu-close.liquid:
  development: 2018-04-20T17:13:06+05:30   0598b38bae2abbd119e0d17842bfb20b
  test: 2018-04-23T16:12:39+05:30   0598b38bae2abbd119e0d17842bfb20b
snippets/icon-payment-icons.liquid:
  development: 2018-04-20T17:13:06+05:30   449a16f5522fe8acebb08a1882b2f3ee
  test: 2018-04-23T16:12:39+05:30   449a16f5522fe8acebb08a1882b2f3ee
snippets/icon-remove.liquid:
  development: 2018-04-20T17:13:06+05:30   e6c3217e16245dac99cde7c72b051e8e
  test: 2018-04-23T16:12:39+05:30   e6c3217e16245dac99cde7c72b051e8e
snippets/icon-rss.liquid:
  development: 2018-04-20T17:13:06+05:30   3d2dde5682350e6c19be327a84ff7418
  test: 2018-04-23T16:12:39+05:30   3d2dde5682350e6c19be327a84ff7418
snippets/icon-search.liquid:
  development: 2018-04-20T17:13:06+05:30   9d7814400c64d8b92f4a2c98c1525759
  test: 2018-04-23T16:12:39+05:30   9d7814400c64d8b92f4a2c98c1525759
snippets/icon-spinner.liquid:
  development: 2018-04-20T17:13:06+05:30   52313ef50bcafdae0b5c11d9edd8ade0
  test: 2018-04-23T16:12:39+05:30   52313ef50bcafdae0b5c11d9edd8ade0
snippets/meganav-image-block.liquid:
  development: 2018-04-20T17:13:06+05:30   4a22961c61c9acae3648f1423022508c
  test: 2018-04-23T16:12:39+05:30   4a22961c61c9acae3648f1423022508c
snippets/meganav-navmenu.liquid:
  development: 2018-04-20T17:13:06+05:30   c2c8c61f5088f3c69d5d82c4172a98d7
  test: 2018-04-23T16:12:39+05:30   c2c8c61f5088f3c69d5d82c4172a98d7
snippets/message-banner.liquid:
  development: 2018-04-20T17:13:06+05:30   a9f100127c83a8006c57c083dae90d0f
  test: 2018-04-23T16:12:39+05:30   a9f100127c83a8006c57c083dae90d0f
snippets/modal.liquid:
  development: 2018-04-20T17:13:06+05:30   79c13f2bab627da915cd3fc6a7cbda49
  test: 2018-04-23T16:12:39+05:30   79c13f2bab627da915cd3fc6a7cbda49
snippets/navmenu.bu.liquid:
  development: 2018-04-20T17:13:06+05:30   96e6f6b3609c9e8832f2c3b3a86a3720
  test: 2018-04-23T16:12:39+05:30   96e6f6b3609c9e8832f2c3b3a86a3720
snippets/navmenu.liquid:
  development: 2018-04-20T17:13:06+05:30   8b1b378c60290f79a50bc31ccc66b796
  test: 2018-04-23T16:12:39+05:30   8b1b378c60290f79a50bc31ccc66b796
snippets/newsletter.liquid:
  development: 2018-04-20T17:13:06+05:30   b5de01d8bddd626e93e87f2be1e39468
  test: 2018-04-23T16:12:40+05:30   b5de01d8bddd626e93e87f2be1e39468
snippets/page-search-form.liquid:
  development: 2018-04-20T17:13:07+05:30   f644edbbd885c6005bf143bcd5fa27fc
  test: 2018-04-23T16:12:40+05:30   f644edbbd885c6005bf143bcd5fa27fc
snippets/pagination.liquid:
  development: 2018-04-20T17:13:07+05:30   27906eb940fdae3266bd0a3b1a2923c8
  test: 2018-04-23T16:12:40+05:30   27906eb940fdae3266bd0a3b1a2923c8
snippets/placeholder_svg_uri.liquid:
  development: 2018-04-20T17:13:07+05:30   f6872e1f19ecee8ed0fffa3a46e0f2b6
  test: 2018-04-23T16:12:40+05:30   f6872e1f19ecee8ed0fffa3a46e0f2b6
snippets/product-badge.liquid:
  development: 2018-04-20T17:13:07+05:30   34674bddeefb6f695be091825f0f149a
  test: 2018-04-23T16:12:40+05:30   34674bddeefb6f695be091825f0f149a
snippets/product-form.liquid:
  development: 2018-04-20T17:13:07+05:30   923784b3c4b0da79a4ff0207e9676dce
  test: 2018-04-23T16:12:40+05:30   923784b3c4b0da79a4ff0207e9676dce
snippets/product-gallery.liquid:
  development: 2018-04-20T17:13:07+05:30   ad19877c4aa62b003924de118a04be13
  test: 2018-04-23T16:12:40+05:30   ad19877c4aa62b003924de118a04be13
snippets/product-grid-item.liquid:
  development: 2018-04-20T17:13:07+05:30   eef5af019409739440af257f1c497cc9
  test: 2018-04-23T16:12:40+05:30   eef5af019409739440af257f1c497cc9
snippets/product-grid-showby.liquid:
  development: 2018-04-20T17:13:07+05:30   101a359a66a1393b7cc2e49f2cd88209
  test: 2018-04-23T16:12:40+05:30   101a359a66a1393b7cc2e49f2cd88209
snippets/product-grid-sidebar-filters.liquid:
  development: 2018-04-20T17:13:07+05:30   d69fcfaa0e0be98cbfd675f202f92818
  test: 2018-04-23T16:12:40+05:30   d69fcfaa0e0be98cbfd675f202f92818
snippets/product-grid-sidebar.liquid:
  development: 2018-04-20T17:13:07+05:30   737ef908615c74d9e4abafe94eb14f74
  test: 2018-04-23T16:12:40+05:30   737ef908615c74d9e4abafe94eb14f74
snippets/product-grid-sortby.liquid:
  development: 2018-04-20T17:13:07+05:30   a10ceb3f5b973e60087868042a635c12
  test: 2018-04-23T16:12:40+05:30   a10ceb3f5b973e60087868042a635c12
snippets/product-grid-tag-groups.liquid:
  development: 2018-04-20T17:13:07+05:30   8847c4f4bd32a99efb79172e9d1757e7
  test: 2018-04-23T16:12:40+05:30   8847c4f4bd32a99efb79172e9d1757e7
snippets/product-grid-tags-active.liquid:
  development: 2018-04-20T17:13:07+05:30   32ba0eb4250ab1154fd2114f6ee1afa0
  test: 2018-04-23T16:12:40+05:30   32ba0eb4250ab1154fd2114f6ee1afa0
snippets/product-grid-tags.liquid:
  development: 2018-04-20T17:13:07+05:30   6c90009fd1bf12cb44180f4d58c82d51
  test: 2018-04-23T16:12:40+05:30   6c90009fd1bf12cb44180f4d58c82d51
snippets/product-options.liquid:
  development: 2018-04-20T17:13:07+05:30   55d23d334dc2009557bc6a95598f5d34
  test: 2018-04-23T16:12:40+05:30   55d23d334dc2009557bc6a95598f5d34
snippets/product-price.liquid:
  development: 2018-04-20T17:13:07+05:30   13c4cc168e86b1dc98813d771b61ae02
  test: 2018-04-23T16:12:40+05:30   13c4cc168e86b1dc98813d771b61ae02
snippets/product.liquid:
  development: 2018-04-20T17:13:07+05:30   f755d334311c7b9d86045713a297ca43
  test: 2018-04-23T16:12:40+05:30   f755d334311c7b9d86045713a297ca43
snippets/promo-block-background.liquid:
  development: 2018-04-20T17:13:07+05:30   60bea2ea79844bed54688cd453d75d7d
  test: 2018-04-23T16:12:40+05:30   60bea2ea79844bed54688cd453d75d7d
snippets/promo-block.liquid:
  development: 2018-04-20T17:13:07+05:30   fb137700f0d039fb4782a018fbe1cb92
  test: 2018-04-23T16:12:40+05:30   fb137700f0d039fb4782a018fbe1cb92
snippets/promo-mosaic-1.liquid:
  development: 2018-04-20T17:13:07+05:30   1223b240a63bba03d862cf95cd0feb00
  test: 2018-04-23T16:12:41+05:30   1223b240a63bba03d862cf95cd0feb00
snippets/promo-mosaic-2.liquid:
  development: 2018-04-20T17:13:08+05:30   c69bc6743eefc25c788152febc984e57
  test: 2018-04-23T16:12:41+05:30   c69bc6743eefc25c788152febc984e57
snippets/promo-mosaic-3.liquid:
  development: 2018-04-20T17:13:08+05:30   b80fbd56212f7cb4e924609aef710461
  test: 2018-04-23T16:12:41+05:30   b80fbd56212f7cb4e924609aef710461
snippets/promo-mosaic-4.liquid:
  development: 2018-04-20T17:13:08+05:30   231892ffb5b0b2d3fc5bda3138a625f7
  test: 2018-04-23T16:12:41+05:30   231892ffb5b0b2d3fc5bda3138a625f7
snippets/promo-mosaic-5.liquid:
  development: 2018-04-20T17:13:08+05:30   8ebf2915400223441f7000e47ef7f4dc
  test: 2018-04-23T16:12:41+05:30   8ebf2915400223441f7000e47ef7f4dc
snippets/related-products.liquid:
  development: 2018-04-20T17:13:08+05:30   1f8b05010a4bb0a67d67f3c794a577db
  test: 2018-04-23T16:12:41+05:30   1f8b05010a4bb0a67d67f3c794a577db
snippets/results-search-content.liquid:
  development: 2018-04-20T17:13:08+05:30   df166c591aadb13da96b93f0a4f13db8
  test: 2018-04-23T16:12:41+05:30   df166c591aadb13da96b93f0a4f13db8
snippets/rimg.liquid:
  development: 2018-04-20T17:13:08+05:30   980cdfa1300a1a36178a54d1fb4db7d1
  test: 2018-04-23T16:12:41+05:30   980cdfa1300a1a36178a54d1fb4db7d1
snippets/search-sanitizer.liquid:
  development: 2018-04-20T17:13:08+05:30   3585d867cf7f14124609fafdd122945c
  test: 2018-04-23T16:12:41+05:30   3585d867cf7f14124609fafdd122945c
snippets/share-buttons.liquid:
  development: 2018-04-20T17:13:08+05:30   486ef77ff76f7ec2d7a9d3fca3f32461
  test: 2018-04-23T16:12:41+05:30   486ef77ff76f7ec2d7a9d3fca3f32461
snippets/site-header-actions.liquid:
  development: 2018-04-20T17:13:08+05:30   9e820b25119acc86bc743ec9be20207d
  test: 2018-04-23T16:12:41+05:30   9e820b25119acc86bc743ec9be20207d
snippets/site-mobile-nav.liquid:
  development: 2018-04-20T17:13:08+05:30   8aeebccac0946146958e0eda44ca8af7
  test: 2018-04-23T16:12:41+05:30   8aeebccac0946146958e0eda44ca8af7
snippets/slideshow-overlay.liquid:
  development: 2018-04-20T17:13:08+05:30   d980f46b7894c5586ae59c9ae89f447b
  test: 2018-04-23T16:12:41+05:30   d980f46b7894c5586ae59c9ae89f447b
snippets/social-icon.liquid:
  development: 2018-04-20T17:13:08+05:30   7dd87fa697b96f4bd88f981edcb77c71
  test: 2018-04-23T16:12:41+05:30   7dd87fa697b96f4bd88f981edcb77c71
snippets/social-link.liquid:
  development: 2018-04-20T17:13:08+05:30   1d164b3844890dcd5db69dce2ae97415
  test: 2018-04-23T16:12:41+05:30   1d164b3844890dcd5db69dce2ae97415
snippets/social-list.liquid:
  development: 2018-04-20T17:13:08+05:30   ab7a3b180447dfce2221a8b13b4776be
  test: 2018-04-23T16:12:41+05:30   ab7a3b180447dfce2221a8b13b4776be
snippets/social-meta-tags.liquid:
  development: 2018-04-20T17:13:08+05:30   cd0dd28ca3535fbd7b5fa7e67b674d90
  test: 2018-04-23T16:12:41+05:30   cd0dd28ca3535fbd7b5fa7e67b674d90
snippets/structured-data.liquid:
  development: 2018-04-20T17:13:08+05:30   99f22f8143d32587a7251440d7908c25
  test: 2018-04-23T16:12:41+05:30   99f22f8143d32587a7251440d7908c25
snippets/svg-sprite.liquid:
  development: 2018-04-20T17:13:08+05:30   89196daa4fcb4edc9ba0fd471bae1159
  test: 2018-04-23T16:12:41+05:30   89196daa4fcb4edc9ba0fd471bae1159
snippets/tweet.liquid:
  development: 2018-04-20T17:13:08+05:30   410f2ebcd880b49a7d8028bec32fa758
  test: 2018-04-23T16:12:41+05:30   410f2ebcd880b49a7d8028bec32fa758
snippets/video.liquid:
  development: 2018-04-20T17:13:08+05:30   d2cbfcf7e36941ea51bd5afec5813e59
  test: 2018-04-23T16:12:42+05:30   d2cbfcf7e36941ea51bd5afec5813e59
templates/404.liquid:
  development: 2018-04-20T17:13:08+05:30   4def51683da390e8f5c3b92b09574ede
  test: 2018-04-23T16:12:42+05:30   4def51683da390e8f5c3b92b09574ede
templates/article.liquid:
  development: 2018-04-20T17:13:08+05:30   31bc5f40cf0036e97bc228f5241248cd
  test: 2018-04-23T16:12:42+05:30   31bc5f40cf0036e97bc228f5241248cd
templates/blog.liquid:
  development: 2018-04-20T17:13:09+05:30   3fcf2d7eec2a07fc51cc23e5f1ff98fd
  test: 2018-04-23T16:12:42+05:30   3fcf2d7eec2a07fc51cc23e5f1ff98fd
templates/cart.liquid:
  development: 2018-04-20T17:13:09+05:30   c9ceb6b1d5ade1426dc567e6105a907a
  test: 2018-04-23T16:12:42+05:30   c9ceb6b1d5ade1426dc567e6105a907a
templates/collection.liquid:
  development: 2018-04-20T17:13:09+05:30   e89913278de4e3b744db23e5ea010fc7
  test: 2018-04-23T16:12:42+05:30   e89913278de4e3b744db23e5ea010fc7
templates/collection.view-24.liquid:
  development: 2018-04-20T17:13:09+05:30   e89913278de4e3b744db23e5ea010fc7
  test: 2018-04-23T16:12:42+05:30   e89913278de4e3b744db23e5ea010fc7
templates/collection.view-36.liquid:
  development: 2018-04-20T17:13:09+05:30   e89913278de4e3b744db23e5ea010fc7
  test: 2018-04-23T16:12:42+05:30   e89913278de4e3b744db23e5ea010fc7
templates/collection.view-48.liquid:
  development: 2018-04-20T17:13:09+05:30   e89913278de4e3b744db23e5ea010fc7
  test: 2018-04-23T16:12:42+05:30   e89913278de4e3b744db23e5ea010fc7
templates/customers/account.liquid:
  development: 2018-04-20T17:13:09+05:30   bb0b638563a16526b43326f482ee8448
  test: 2018-04-23T16:12:42+05:30   bb0b638563a16526b43326f482ee8448
templates/customers/activate_account.liquid:
  development: 2018-04-20T17:13:09+05:30   5af8cc6f9694d276bba7a573e928f02e
  test: 2018-04-23T16:12:42+05:30   5af8cc6f9694d276bba7a573e928f02e
templates/customers/addresses.liquid:
  development: 2018-04-20T17:13:09+05:30   aa753cfb99e070891cdb6beb10498fc9
  test: 2018-04-23T16:12:42+05:30   aa753cfb99e070891cdb6beb10498fc9
templates/customers/login.liquid:
  development: 2018-04-20T17:13:09+05:30   3b2de6d0e7ba40b2a7f659a94c6d631f
  test: 2018-04-23T16:12:42+05:30   3b2de6d0e7ba40b2a7f659a94c6d631f
templates/customers/order.liquid:
  development: 2018-04-20T17:13:09+05:30   39014bb1590e3d2bff80d63e6105e6b2
  test: 2018-04-23T16:12:42+05:30   39014bb1590e3d2bff80d63e6105e6b2
templates/customers/register.liquid:
  development: 2018-04-20T17:13:09+05:30   a3d092e5123ff134605008133c6c808e
  test: 2018-04-23T16:12:42+05:30   a3d092e5123ff134605008133c6c808e
templates/customers/reset_password.liquid:
  development: 2018-04-20T17:13:09+05:30   fa88721b56943746953fe5bfaad11a11
  test: 2018-04-23T16:12:42+05:30   fa88721b56943746953fe5bfaad11a11
templates/gift_card.liquid:
  development: 2018-04-20T17:13:09+05:30   f1784a653fed4b8cde64d98daf3f1e23
  test: 2018-04-23T16:12:42+05:30   f1784a653fed4b8cde64d98daf3f1e23
templates/index.liquid:
  development: 2018-04-20T17:13:09+05:30   034564da719f1f503f71c6638210c15a
  test: 2018-04-23T16:12:42+05:30   034564da719f1f503f71c6638210c15a
templates/list-collections.liquid:
  development: 2018-04-20T17:13:09+05:30   160754bddd636282dc329181ebd8bb0e
  test: 2018-04-23T16:12:42+05:30   160754bddd636282dc329181ebd8bb0e
templates/page.contact.liquid:
  development: 2018-04-20T17:13:09+05:30   ac5d3c0e1778a385e6c66c8044e561f2
  test: 2018-04-23T16:12:42+05:30   ac5d3c0e1778a385e6c66c8044e561f2
templates/page.liquid:
  development: 2018-04-20T17:13:09+05:30   9e442c571c6eb6ea9b0b06598a29321b
  test: 2018-04-23T16:12:42+05:30   9e442c571c6eb6ea9b0b06598a29321b
templates/password.liquid:
  development: 2018-04-20T17:13:09+05:30   2fdfbecb3470b2a25e6559a816577052
  test: 2018-04-23T16:12:43+05:30   2fdfbecb3470b2a25e6559a816577052
templates/product.liquid:
  development: 2018-04-20T17:13:09+05:30   2224ba9104b259ef924f5f5d433d47a9
  test: 2018-04-23T16:12:43+05:30   2224ba9104b259ef924f5f5d433d47a9
templates/search.header.liquid:
  development: 2018-04-20T17:13:09+05:30   3d0157f0de90c1135c4a58c343135d08
  test: 2018-04-23T16:12:43+05:30   3d0157f0de90c1135c4a58c343135d08
templates/search.liquid:
  development: 2018-04-20T17:13:10+05:30   34e7a538259af245f4deed26e21288a9
  test: 2018-04-23T16:12:43+05:30   34e7a538259af245f4deed26e21288a9
